<?xml version="1.0" encoding="utf-8"?>
<Project ToolsVersion="4.0" xmlns="http://schemas.microsoft.com/developer/msbuild/2003">
  <ItemGroup>
    <Filter Include="Source Files">
      <UniqueIdentifier>{4FC737F1-C7A5-4376-A066-2A32D752A2FF}</UniqueIdentifier>
      <Extensions>cpp;c;cc;cxx;c++;cppm;ixx;def;odl;idl;hpj;bat;asm;asmx</Extensions>
    </Filter>
    <Filter Include="Header Files">
      <UniqueIdentifier>{93995380-89BD-4b04-88EB-625FBE52EBFB}</UniqueIdentifier>
      <Extensions>h;hh;hpp;hxx;h++;hm;inl;inc;ipp;xsd</Extensions>
    </Filter>
    <Filter Include="Resource Files">
      <UniqueIdentifier>{67DA6AB6-F800-4c08-8B7A-83BB121AAD01}</UniqueIdentifier>
      <Extensions>rc;ico;cur;bmp;dlg;rc2;rct;bin;rgs;gif;jpg;jpeg;jpe;resx;tiff;tif;png;wav;mfcribbon-ms</Extensions>
    </Filter>
  </ItemGroup>
  <ItemGroup>
    <ClCompile Include="main.cpp">
      <Filter>Source Files</Filter>
    </ClCompile>
    <ClCompile Include="Entities\Entity.cpp">
      <Filter>Source Files</Filter>
    </ClCompile>
    <ClCompile Include="Entities\Fungi\Fungus.cpp">
      <Filter>Source Files</Filter>
    </ClCompile>
    <ClCompile Include="Entities\Bacteria\Bacterium.cpp">
      <Filter>Source Files</Filter>
    </ClCompile>
    <ClCompile Include="Entities\Spores\Spore.cpp">
      <Filter>Source Files</Filter>
    </ClCompile>
    <ClCompile Include="Location.cpp">
      <Filter>Source Files</Filter>
    </ClCompile>
    <ClCompile Include="Engine.cpp">
      <Filter>Source Files</Filter>
    </ClCompile>
    <ClCompile Include="SpriteMaster.cpp">
      <Filter>Source Files</Filter>
    </ClCompile>
    <ClCompile Include="Sprite.cpp">
      <Filter>Source Files</Filter>
    </ClCompile>
    <ClCompile Include="Wave.cpp">
      <Filter>Source Files</Filter>
    </ClCompile>
    <ClCompile Include="Level.cpp">
      <Filter>Source Files</Filter>
    </ClCompile>
    <ClCompile Include="Path.cpp">
      <Filter>Source Files</Filter>
    </ClCompile>
    <ClCompile Include="MoCap.cpp">
      <Filter>Source Files</Filter>
    </ClCompile>
    <ClCompile Include="Thing.cpp">
      <Filter>Source Files</Filter>
    </ClCompile>
    <ClCompile Include="Entities\Fungi\Amanita\Amanita.cpp">
      <Filter>Source Files</Filter>
    </ClCompile>
    <ClCompile Include="Entities\Fungi\Hypha.cpp">
      <Filter>Source Files</Filter>
    </ClCompile>
    <ClCompile Include="Entities\Fungi\Mycelium.cpp">
      <Filter>Source Files</Filter>
    </ClCompile>
    <ClCompile Include="Entities\Fungi\Calvatia\Calvatia.cpp">
      <Filter>Source Files</Filter>
    </ClCompile>
    <ClCompile Include="Entities\Fungi\Hericium\Hericium.cpp">
      <Filter>Source Files</Filter>
    </ClCompile>
    <ClCompile Include="Entities\Fungi\Penicillium\Penicillium.cpp">
      <Filter>Source Files</Filter>
    </ClCompile>
    <ClCompile Include="Entities\Fungi\Psilocybe\Psilocybe.cpp">
      <Filter>Source Files</Filter>
    </ClCompile>
    <ClCompile Include="Entities\Fungi\Tuber\Tuber.cpp">
      <Filter>Source Files</Filter>
    </ClCompile>
  </ItemGroup>
  <ItemGroup>
    <ClInclude Include="Entities\Entity.h">
      <Filter>Header Files</Filter>
    </ClInclude>
    <ClInclude Include="Entities\Fungi\Fungus.h">
      <Filter>Header Files</Filter>
    </ClInclude>
    <ClInclude Include="Entities\Bacteria\Bacterium.h">
      <Filter>Header Files</Filter>
    </ClInclude>
    <ClInclude Include="Entities\Spores\Spore.h">
      <Filter>Header Files</Filter>
    </ClInclude>
    <ClInclude Include="Location.h">
      <Filter>Header Files</Filter>
    </ClInclude>
    <ClInclude Include="Engine.h">
      <Filter>Header Files</Filter>
    </ClInclude>
    <ClInclude Include="PARAMS.h">
      <Filter>Header Files</Filter>
    </ClInclude>
    <ClInclude Include="SpriteMaster.h">
      <Filter>Header Files</Filter>
    </ClInclude>
    <ClInclude Include="Sprite.h">
      <Filter>Header Files</Filter>
    </ClInclude>
    <ClInclude Include="Wave.h">
      <Filter>Header Files</Filter>
    </ClInclude>
    <ClInclude Include="EVENTS.h">
      <Filter>Header Files</Filter>
    </ClInclude>
    <ClInclude Include="Level.h">
      <Filter>Header Files</Filter>
    </ClInclude>
    <ClInclude Include="Path.h">
      <Filter>Header Files</Filter>
    </ClInclude>
    <ClInclude Include="MoCap.h">
      <Filter>Header Files</Filter>
    </ClInclude>
    <ClInclude Include="Thing.h">
      <Filter>Header Files</Filter>
    </ClInclude>
    <ClInclude Include="Entities\Fungi\Amanita\Amanita.h">
      <Filter>Header Files</Filter>
    </ClInclude>
    <ClInclude Include="Entities\Fungi\Hypha.h">
      <Filter>Header Files</Filter>
    </ClInclude>
    <ClInclude Include="Entities\Fungi\Mycelium.h">
      <Filter>Header Files</Filter>
    </ClInclude>
    <ClInclude Include="Entities\Fungi\Calvatia\Calvatia.h">
      <Filter>Header Files</Filter>
    </ClInclude>
    <ClInclude Include="Entities\Fungi\Hericium\Hericium.h">
      <Filter>Header Files</Filter>
    </ClInclude>
    <ClInclude Include="Entities\Fungi\Penicillium\Penicillium.h">
      <Filter>Header Files</Filter>
    </ClInclude>
    <ClInclude Include="Entities\Fungi\Psilocybe\Psilocybe.h">
      <Filter>Header Files</Filter>
    </ClInclude>
    <ClInclude Include="Entities\Fungi\Tuber\Tuber.h">
      <Filter>Header Files</Filter>
    </ClInclude>
  </ItemGroup>
</Project>